
Microsoft Visual Studio Solution File, Format Version 12.00
# Visual Studio Version 16
VisualStudioVersion = 16.0.30717.126
MinimumVisualStudioVersion = 10.0.40219.1
Project("{FAE04EC0-301F-11D3-BF4B-00C04F79EFBC}") = "GUI Hangman (181014080)", "GUI Hangman (181014080).csproj", "{A9DA813C-D442-4A22-A226-FD277B84167A}"
EndProject
Global
	GlobalSection(SolutionConfigurationPlatforms) = preSolution
		Debug|Any CPU = Debug|Any CPU
		Release|Any CPU = Release|Any CPU
	EndGlobalSection
	GlobalSection(ProjectConfigurationPlatforms) = postSolution
		{A9DA813C-D442-4A22-A226-FD277B84167A}.Debug|Any CPU.ActiveCfg = Debug|Any CPU
		{A9DA813C-D442-4A22-A226-FD277B84167A}.Debug|Any CPU.Build.0 = Debug|Any CPU
		{A9DA813C-D442-4A22-A226-FD277B84167A}.Release|Any CPU.ActiveCfg = Release|Any CPU
		{A9DA813C-D442-4A22-A226-FD277B84167A}.Release|Any CPU.Build.0 = Release|Any CPU
	EndGlobalSection
	GlobalSection(SolutionProperties) = preSolution
		HideSolutionNode = FALSE
	EndGlobalSection
	GlobalSection(ExtensibilityGlobals) = postSolution
		SolutionGuid = {1682E11A-87EE-4BEE-A5CC-C171DC4A4414}
	EndGlobalSection
EndGlobal
